{
  "name": "jscoq-website",
  "version": "0.12.0",
  "lockfileVersion": 1,
  "requires": true,
  "dependencies": {
    "@jscoq/elpi": {
      "version": "0.12.1",
      "resolved": "https://registry.npmjs.org/@jscoq/elpi/-/elpi-0.12.1.tgz",
      "integrity": "sha512-BtegkmNMeXmTLQwsk7rSZmAXg8ueWiWCqYU/D2+SpIXZFmYv2boYTdXn7T7TftuCwVCs09zMaWR5KAwxXeTp0A=="
    },
    "@jscoq/equations": {
      "version": "0.12.1",
      "resolved": "https://registry.npmjs.org/@jscoq/equations/-/equations-0.12.1.tgz",
      "integrity": "sha512-hdrGHA8TZxE0maDvUmV4xK/jFsLYvYBL921+eMq4kS4BCK7fIIurnSTjepTYe/g5RqLvx95xCzWcRfyxVCjMMA=="
    },
    "@jscoq/extlib": {
      "version": "0.12.1",
      "resolved": "https://registry.npmjs.org/@jscoq/extlib/-/extlib-0.12.1.tgz",
      "integrity": "sha512-U7Xkrk/isBOilsSk7LuhWSx7Wk7uoopF9EhR8cE/VTUWJfWQKVgKnDpArvmh6LN0w4IRxK3ab/nOtYRpue5bYg=="
    },
    "@jscoq/fcsl-pcm": {
      "version": "0.12.1",
      "resolved": "https://registry.npmjs.org/@jscoq/fcsl-pcm/-/fcsl-pcm-0.12.1.tgz",
      "integrity": "sha512-V4bM8P7JbZoIrPlD+GFxD9vHBMP9waiGCqa1Ipq39OjrGRP+sK4VLUl1pKRWTPFy2tnGnCarPeU6eYrAnKrDZg=="
    },
    "@jscoq/hahn": {
      "version": "0.12.1",
      "resolved": "https://registry.npmjs.org/@jscoq/hahn/-/hahn-0.12.1.tgz",
      "integrity": "sha512-0/UJEmNIC+B6t0CxKLom931QV3N7hRMHnzDtJv4oGlj9QFO7ibV+5MePjMnOKCmaXhippvW9eej4EDqvY9BIfw=="
    },
    "@jscoq/htt": {
      "version": "0.12.1",
      "resolved": "https://registry.npmjs.org/@jscoq/htt/-/htt-0.12.1.tgz",
      "integrity": "sha512-5InDjQIbBtqO6fYJUIjSaCrv9ydQ8J5eZfjPXUXpuDsPjodPdjnZKcnum5Fx3NK4gVZ8PO5SKq9ZxLgs3PldPQ=="
    },
    "@jscoq/mathcomp": {
      "version": "0.12.1",
      "resolved": "https://registry.npmjs.org/@jscoq/mathcomp/-/mathcomp-0.12.1.tgz",
      "integrity": "sha512-41iC+E7LcOrSZwNfYwiOfDZehpaE0xbzoiYzuRU4LgucERa5+Pmp8mjYqyv9GPl82ouf8QVohz3ifOG6oupKvg=="
    },
    "@jscoq/paco": {
      "version": "0.12.1",
      "resolved": "https://registry.npmjs.org/@jscoq/paco/-/paco-0.12.1.tgz",
      "integrity": "sha512-gVmSsZwUGZz3iHCno40zyIHGJRP+03vyh6R10D3cankc0sI24/VLMnXHIWycg2aYjdcOfWRebwWvwIWG1VAU4g=="
    },
    "@jscoq/pnp": {
      "version": "0.12.1",
      "resolved": "https://registry.npmjs.org/@jscoq/pnp/-/pnp-0.12.1.tgz",
      "integrity": "sha512-V9HaBqi7KGYRTjj99APvabBqLz0d8+qQppBrXrsfNOxnSjw7fzguKNCZPJNxKJxav/4vyWSj49zfIzaOO4EeqQ=="
    },
    "@jscoq/promising": {
      "version": "0.12.1",
      "resolved": "https://registry.npmjs.org/@jscoq/promising/-/promising-0.12.1.tgz",
      "integrity": "sha512-Un6YW/ua5uFBiajGOGSb5JbXpceCRfnQ1b9J1Gq8X3vP36ZHUg6zVjSHHyCh+W5S7XujLfq841CYqc+/dVeR+w=="
    },
    "@jscoq/quickchick": {
      "version": "0.12.1",
      "resolved": "https://registry.npmjs.org/@jscoq/quickchick/-/quickchick-0.12.1.tgz",
      "integrity": "sha512-7XUYCd/FdLnepk4t/u0wnEHMT0sbkgpW7azXVHPyAjB95f7S7U/4e28nnKfbHyNKjrrmvC3poUkJ6S8OGUV73g=="
    },
    "@jscoq/simpleio": {
      "version": "0.12.1",
      "resolved": "https://registry.npmjs.org/@jscoq/simpleio/-/simpleio-0.12.1.tgz",
      "integrity": "sha512-om4fziVVyb2luVYRA6SDnXzOjFN0yxhvs48LdfZ4H7a8GmuZ/d6lzDluTZGPsHwRlbCGCR+Yd5LSoOUXKRphWQ=="
    },
    "@jscoq/snu-sflib": {
      "version": "0.12.1",
      "resolved": "https://registry.npmjs.org/@jscoq/snu-sflib/-/snu-sflib-0.12.1.tgz",
      "integrity": "sha512-Oan+Xmpy3CMVNKLrORUqtyN5KyeFnmg8MhcdupKVzbQ6G+08yuyV9lUTne4MrXjo6KtiHUQKvkremDqeBsGZNg=="
    },
    "@jscoq/software-foundations": {
      "version": "0.12.1",
      "resolved": "https://registry.npmjs.org/@jscoq/software-foundations/-/software-foundations-0.12.1.tgz",
      "integrity": "sha512-/kVKkYqY/anvcQPqbXPYcuQfcv0tqKoJuwzZhfqDfJgh2akzF+fTgEeQl+OnsrwquM9WC05YVE1i7cGbKUqxzg=="
    },
    "array-equal": {
      "version": "1.0.0",
      "resolved": "https://registry.npmjs.org/array-equal/-/array-equal-1.0.0.tgz",
      "integrity": "sha1-jCpe8kcv2ep0KwTHenUJO6J1fJM="
    },
    "balanced-match": {
      "version": "1.0.0",
      "resolved": "https://registry.npmjs.org/balanced-match/-/balanced-match-1.0.0.tgz",
      "integrity": "sha1-ibTRmasr7kneFk6gK4nORi1xt2c="
    },
    "bootstrap": {
      "version": "3.4.1",
      "resolved": "https://registry.npmjs.org/bootstrap/-/bootstrap-3.4.1.tgz",
      "integrity": "sha512-yN5oZVmRCwe5aKwzRj6736nSmKDX7pLYwsXiCj/EYmo16hODaBiT4En5btW/jhBF/seV+XMx3aYwukYC3A49DA=="
    },
    "brace-expansion": {
      "version": "1.1.11",
      "resolved": "https://registry.npmjs.org/brace-expansion/-/brace-expansion-1.1.11.tgz",
      "integrity": "sha512-iCuPHDFgrHX7H2vEI/5xpz07zSHB00TpugqhmYtVmMO6518mCuRMoOYFldEBl0g187ufozdaHgWKcYFb61qGiA==",
      "requires": {
        "balanced-match": "^1.0.0",
        "concat-map": "0.0.1"
      }
    },
    "codemirror": {
      "version": "5.58.2",
      "resolved": "https://registry.npmjs.org/codemirror/-/codemirror-5.58.2.tgz",
      "integrity": "sha512-K/hOh24cCwRutd1Mk3uLtjWzNISOkm4fvXiMO7LucCrqbh6aJDdtqUziim3MZUI6wOY0rvY1SlL1Ork01uMy6w=="
    },
    "commander": {
      "version": "6.2.0",
      "resolved": "https://registry.npmjs.org/commander/-/commander-6.2.0.tgz",
      "integrity": "sha512-zP4jEKbe8SHzKJYQmq8Y9gYjtO/POJLgIdKgV7B9qNmABVFVc+ctqSX6iXh4mCpJfRBOabiZ2YKPg8ciDw6C+Q==",
      "dev": true
    },
    "concat-map": {
      "version": "0.0.1",
      "resolved": "https://registry.npmjs.org/concat-map/-/concat-map-0.0.1.tgz",
      "integrity": "sha1-2Klr13/Wjfd5OnMDajug1UBdR3s="
    },
    "core-util-is": {
      "version": "1.0.2",
      "resolved": "https://registry.npmjs.org/core-util-is/-/core-util-is-1.0.2.tgz",
      "integrity": "sha1-tf1UIgqivFq1eqtxQMlAdUUDwac="
    },
    "find": {
      "version": "0.3.0",
      "resolved": "https://registry.npmjs.org/find/-/find-0.3.0.tgz",
      "integrity": "sha512-iSd+O4OEYV/I36Zl8MdYJO0xD82wH528SaCieTVHhclgiYNe9y+yPKSwK+A7/WsmHL1EZ+pYUJBXWTL5qofksw==",
      "requires": {
        "traverse-chain": "~0.1.0"
      }
    },
    "fs.realpath": {
      "version": "1.0.0",
      "resolved": "https://registry.npmjs.org/fs.realpath/-/fs.realpath-1.0.0.tgz",
      "integrity": "sha1-FQStJSMVjKpA20onh8sBQRmU6k8="
    },
    "glob": {
      "version": "7.1.6",
      "resolved": "https://registry.npmjs.org/glob/-/glob-7.1.6.tgz",
      "integrity": "sha512-LwaxwyZ72Lk7vZINtNNrywX0ZuLyStrdDtabefZKAY5ZGJhVtgdznluResxNmPitE0SAO+O26sWTHeKSI2wMBA==",
      "requires": {
        "fs.realpath": "^1.0.0",
        "inflight": "^1.0.4",
        "inherits": "2",
        "minimatch": "^3.0.4",
        "once": "^1.3.0",
        "path-is-absolute": "^1.0.0"
      }
    },
    "immediate": {
      "version": "3.0.6",
      "resolved": "https://registry.npmjs.org/immediate/-/immediate-3.0.6.tgz",
      "integrity": "sha1-nbHb0Pr43m++D13V5Wu2BigN5ps="
    },
    "inflight": {
      "version": "1.0.6",
      "resolved": "https://registry.npmjs.org/inflight/-/inflight-1.0.6.tgz",
      "integrity": "sha1-Sb1jMdfQLQwJvJEKEHW6gWW1bfk=",
      "requires": {
        "once": "^1.3.0",
        "wrappy": "1"
      }
    },
    "inherits": {
      "version": "2.0.4",
      "resolved": "https://registry.npmjs.org/inherits/-/inherits-2.0.4.tgz",
      "integrity": "sha512-k/vGaX4/Yla3WzyMCvTQOXYeIHvqOKtnqBduzTHpzpQZzAskKMhZ2K+EnBiSM9zGSoIFeMpXKxa4dYeZIQqewQ=="
    },
    "isarray": {
      "version": "1.0.0",
      "resolved": "https://registry.npmjs.org/isarray/-/isarray-1.0.0.tgz",
      "integrity": "sha1-u5NdSFgsuhaMBoNJV6VKPgcSTxE="
    },
    "jquery": {
      "version": "3.5.1",
      "resolved": "https://registry.npmjs.org/jquery/-/jquery-3.5.1.tgz",
      "integrity": "sha512-XwIBPqcMn57FxfT+Go5pzySnm4KWkT1Tv7gjrpT1srtf8Weynl6R273VJ5GjkRb51IzMp5nbaPjJXMWeju2MKg=="
    },
    "js-tokens": {
      "version": "4.0.0",
      "resolved": "https://registry.npmjs.org/js-tokens/-/js-tokens-4.0.0.tgz",
      "integrity": "sha512-RdJUflcE3cUzKiMqQgsCu06FPu9UdIJO0beYbPhHN4k6apgJtifcoCtT9bcxOpYBtpD2kCM6Sbzg4CausW/PKQ=="
    },
    "jscoq": {
      "version": "0.12.1",
      "resolved": "https://registry.npmjs.org/jscoq/-/jscoq-0.12.1.tgz",
      "integrity": "sha512-zvYNc6cChsXxBNov9GRwaAt+nactHeF2Xd3r7DAf9774C1z6Bc1bVlV4I9YnCD7QQ14w0Q0Eyr5MEi64ixl0EQ==",
      "requires": {
        "array-equal": "^1.0.0",
        "bootstrap": "^3.4.1",
        "codemirror": "^5.49.2",
        "commander": "^5.0.0",
        "find": "^0.3.0",
        "glob": "^7.1.3",
        "jquery": "^3.5.1",
        "jszip": "^3.5.0",
        "localforage": "^1.7.3",
        "minimatch": "^3.0.4",
        "mkdirp": "^1.0.4",
        "neatjson": "^0.8.3",
        "path": "^0.12.7",
        "vue": "^2.6.12",
        "vue-context": "^5.1.0"
      },
      "dependencies": {
        "commander": {
          "version": "5.1.0",
          "resolved": "https://registry.npmjs.org/commander/-/commander-5.1.0.tgz",
          "integrity": "sha512-P0CysNDQ7rtVw4QIQtm+MRxV66vKFSvlsQvGYXZWR3qFU0jlMKHZZZgw8e+8DSah4UDKMqnknRDQz+xuQXQ/Zg=="
        }
      }
    },
    "jszip": {
      "version": "3.5.0",
      "resolved": "https://registry.npmjs.org/jszip/-/jszip-3.5.0.tgz",
      "integrity": "sha512-WRtu7TPCmYePR1nazfrtuF216cIVon/3GWOvHS9QR5bIwSbnxtdpma6un3jyGGNhHsKCSzn5Ypk+EkDRvTGiFA==",
      "requires": {
        "lie": "~3.3.0",
        "pako": "~1.0.2",
        "readable-stream": "~2.3.6",
        "set-immediate-shim": "~1.0.1"
      }
    },
    "lie": {
      "version": "3.3.0",
      "resolved": "https://registry.npmjs.org/lie/-/lie-3.3.0.tgz",
      "integrity": "sha512-UaiMJzeWRlEujzAuw5LokY1L5ecNQYZKfmyZ9L7wDHb/p5etKaxXhohBcrw0EYby+G/NA52vRSN4N39dxHAIwQ==",
      "requires": {
        "immediate": "~3.0.5"
      }
    },
    "localforage": {
      "version": "1.9.0",
      "resolved": "https://registry.npmjs.org/localforage/-/localforage-1.9.0.tgz",
      "integrity": "sha512-rR1oyNrKulpe+VM9cYmcFn6tsHuokyVHFaCM3+osEmxaHTbEk8oQu6eGDfS6DQLWi/N67XRmB8ECG37OES368g==",
      "requires": {
        "lie": "3.1.1"
      },
      "dependencies": {
        "lie": {
          "version": "3.1.1",
          "resolved": "https://registry.npmjs.org/lie/-/lie-3.1.1.tgz",
          "integrity": "sha1-mkNrLMd0bKWd56QfpGmz77dr2H4=",
          "requires": {
            "immediate": "~3.0.5"
          }
        }
      }
    },
    "loose-envify": {
      "version": "1.4.0",
      "resolved": "https://registry.npmjs.org/loose-envify/-/loose-envify-1.4.0.tgz",
      "integrity": "sha512-lyuxPGr/Wfhrlem2CL/UcnUc1zcqKAImBDzukY7Y5F/yQiNdko6+fRLevlw1HgMySw7f611UIY408EtxRSoK3Q==",
      "requires": {
        "js-tokens": "^3.0.0 || ^4.0.0"
      }
    },
    "minimatch": {
      "version": "3.0.4",
      "resolved": "https://registry.npmjs.org/minimatch/-/minimatch-3.0.4.tgz",
      "integrity": "sha512-yJHVQEhyqPLUTgt9B83PXu6W3rx4MvvHvSUvToogpwoGDOUQ+yDrR0HRot+yOCdCO7u4hX3pWft6kWBBcqh0UA==",
      "requires": {
        "brace-expansion": "^1.1.7"
      }
    },
    "mkdirp": {
      "version": "1.0.4",
      "resolved": "https://registry.npmjs.org/mkdirp/-/mkdirp-1.0.4.tgz",
      "integrity": "sha512-vVqVZQyf3WLx2Shd0qJ9xuvqgAyKPLAiqITEtqW0oIUjzo3PePDd6fW9iFz30ef7Ysp/oiWqbhszeGWW2T6Gzw=="
    },
    "neatjson": {
      "version": "0.8.3",
      "resolved": "https://registry.npmjs.org/neatjson/-/neatjson-0.8.3.tgz",
      "integrity": "sha1-fICtia/F2uuBgW1oS747ZxUwXio="
    },
    "once": {
      "version": "1.4.0",
      "resolved": "https://registry.npmjs.org/once/-/once-1.4.0.tgz",
      "integrity": "sha1-WDsap3WWHUsROsF9nFC6753Xa9E=",
      "requires": {
        "wrappy": "1"
      }
    },
    "pako": {
      "version": "1.0.11",
      "resolved": "https://registry.npmjs.org/pako/-/pako-1.0.11.tgz",
      "integrity": "sha512-4hLB8Py4zZce5s4yd9XzopqwVv/yGNhV1Bl8NTmCq1763HeK2+EwVTv+leGeL13Dnh2wfbqowVPXCIO0z4taYw=="
    },
    "path": {
      "version": "0.12.7",
      "resolved": "https://registry.npmjs.org/path/-/path-0.12.7.tgz",
      "integrity": "sha1-1NwqUGxM4hl+tIHr/NWzbAFAsQ8=",
      "requires": {
        "process": "^0.11.1",
        "util": "^0.10.3"
      }
    },
    "path-is-absolute": {
      "version": "1.0.1",
      "resolved": "https://registry.npmjs.org/path-is-absolute/-/path-is-absolute-1.0.1.tgz",
      "integrity": "sha1-F0uSaHNVNP+8es5r9TpanhtcX18="
    },
    "process": {
      "version": "0.11.10",
      "resolved": "https://registry.npmjs.org/process/-/process-0.11.10.tgz",
      "integrity": "sha1-czIwDoQBYb2j5podHZGn1LwW8YI="
    },
    "process-nextick-args": {
      "version": "2.0.1",
      "resolved": "https://registry.npmjs.org/process-nextick-args/-/process-nextick-args-2.0.1.tgz",
      "integrity": "sha512-3ouUOpQhtgrbOa17J7+uxOTpITYWaGP7/AhoR3+A+/1e9skrzelGi/dXzEYyvbxubEF6Wn2ypscTKiKJFFn1ag=="
    },
    "readable-stream": {
      "version": "2.3.7",
      "resolved": "https://registry.npmjs.org/readable-stream/-/readable-stream-2.3.7.tgz",
      "integrity": "sha512-Ebho8K4jIbHAxnuxi7o42OrZgF/ZTNcsZj6nRKyUmkhLFq8CHItp/fy6hQZuZmP/n3yZ9VBUbp4zz/mX8hmYPw==",
      "requires": {
        "core-util-is": "~1.0.0",
        "inherits": "~2.0.3",
        "isarray": "~1.0.0",
        "process-nextick-args": "~2.0.0",
        "safe-buffer": "~5.1.1",
        "string_decoder": "~1.1.1",
        "util-deprecate": "~1.0.1"
      }
    },
    "safe-buffer": {
      "version": "5.1.2",
      "resolved": "https://registry.npmjs.org/safe-buffer/-/safe-buffer-5.1.2.tgz",
      "integrity": "sha512-Gd2UZBJDkXlY7GbJxfsE8/nvKkUEU1G38c1siN6QP6a9PT9MmHB8GnpscSmMJSoF8LOIrt8ud/wPtojys4G6+g=="
    },
    "set-immediate-shim": {
      "version": "1.0.1",
      "resolved": "https://registry.npmjs.org/set-immediate-shim/-/set-immediate-shim-1.0.1.tgz",
      "integrity": "sha1-SysbJ+uAip+NzEgaWOXlb1mfP2E="
    },
    "string_decoder": {
      "version": "1.1.1",
      "resolved": "https://registry.npmjs.org/string_decoder/-/string_decoder-1.1.1.tgz",
      "integrity": "sha512-n/ShnvDi6FHbbVfviro+WojiFzv+s8MPMHBczVePfUpDJLwoLT0ht1l4YwBCbi8pJAveEEdnkHyPyTP/mzRfwg==",
      "requires": {
        "safe-buffer": "~5.1.0"
      }
    },
    "traverse-chain": {
      "version": "0.1.0",
      "resolved": "https://registry.npmjs.org/traverse-chain/-/traverse-chain-0.1.0.tgz",
      "integrity": "sha1-YdvC1Ttp/2CRoSoWj9fUMxB+QPE="
    },
    "util": {
      "version": "0.10.4",
      "resolved": "https://registry.npmjs.org/util/-/util-0.10.4.tgz",
      "integrity": "sha512-0Pm9hTQ3se5ll1XihRic3FDIku70C+iHUdT/W926rSgHV5QgXsYbKZN8MSC3tJtSkhuROzvsQjAaFENRXr+19A==",
      "requires": {
        "inherits": "2.0.3"
      },
      "dependencies": {
        "inherits": {
          "version": "2.0.3",
          "resolved": "https://registry.npmjs.org/inherits/-/inherits-2.0.3.tgz",
          "integrity": "sha1-Yzwsg+PaQqUC9SRmAiSA9CCCYd4="
        }
      }
    },
    "util-deprecate": {
      "version": "1.0.2",
      "resolved": "https://registry.npmjs.org/util-deprecate/-/util-deprecate-1.0.2.tgz",
      "integrity": "sha1-RQ1Nyfpw3nMnYvvS1KKJgUGaDM8="
    },
    "vue": {
      "version": "2.6.12",
      "resolved": "https://registry.npmjs.org/vue/-/vue-2.6.12.tgz",
      "integrity": "sha512-uhmLFETqPPNyuLLbsKz6ioJ4q7AZHzD8ZVFNATNyICSZouqP2Sz0rotWQC8UNBF6VGSCs5abnKJoStA6JbCbfg=="
    },
    "vue-clickaway": {
      "version": "2.2.2",
      "resolved": "https://registry.npmjs.org/vue-clickaway/-/vue-clickaway-2.2.2.tgz",
      "integrity": "sha512-25SpjXKetL06GLYoLoC8pqAV6Cur9cQ//2g35GRFBV4FgoljbZZjTINR8g2NuVXXDMLSUXaKx5dutgO4PaDE7A==",
      "requires": {
        "loose-envify": "^1.2.0"
      }
    },
    "vue-context": {
      "version": "5.2.0",
      "resolved": "https://registry.npmjs.org/vue-context/-/vue-context-5.2.0.tgz",
      "integrity": "sha512-XH3SwDanAcE7ppzVEkXqpMyzkFKUDp8TDh4vBE9UPbT6OHwLIwtANH6ZAakq8q2iV+hGtDDfwYgX12IbZjyNnw==",
      "requires": {
        "vue-clickaway": "^2.2.2"
      }
    },
    "wrappy": {
      "version": "1.0.2",
      "resolved": "https://registry.npmjs.org/wrappy/-/wrappy-1.0.2.tgz",
      "integrity": "sha1-tSQ9jz7BqjXxNkYFvA0QNuMKtp8="
    }
  }
}
