{
    "name": "jscoq-website",
    "version": "0.12.2",
    "lockfileVersion": 2,
    "requires": true,
    "packages": {
        "": {
            "name": "jscoq-website",
            "version": "0.12.2",
            "license": "AGPL-3.0-or-later",
            "dependencies": {
                "@jscoq/elpi": "file:../jscoq-addons/_build/jscoq+64bit/jscoq-elpi-0.12.2-rc1.tgz",
                "@jscoq/equations": "file:../jscoq-addons/_build/jscoq+64bit/jscoq-equations-0.12.2-rc1.tgz",
                "@jscoq/extlib": "file:../jscoq-addons/_build/jscoq+64bit/jscoq-extlib-0.12.2-rc1.tgz",
                "@jscoq/fcsl-pcm": "file:../jscoq-addons/_build/jscoq+64bit/jscoq-fcsl-pcm-0.12.2-rc1.tgz",
                "@jscoq/hahn": "file:../jscoq-addons/_build/jscoq+64bit/jscoq-hahn-0.12.2-rc1.tgz",
                "@jscoq/htt": "file:../jscoq-addons/_build/jscoq+64bit/jscoq-htt-0.12.2-rc1.tgz",
                "@jscoq/mathcomp": "file:../jscoq-addons/_build/jscoq+64bit/jscoq-mathcomp-0.12.2-rc1.tgz",
                "@jscoq/paco": "file:../jscoq-addons/_build/jscoq+64bit/jscoq-paco-0.12.2-rc1.tgz",
                "@jscoq/pnp": "file:../jscoq-addons/_build/jscoq+64bit/jscoq-pnp-0.12.2-rc1.tgz",
                "@jscoq/promising": "file:../jscoq-addons/_build/jscoq+64bit/jscoq-promising-0.12.2-rc1.tgz",
                "@jscoq/quickchick": "file:../jscoq-addons/_build/jscoq+64bit/jscoq-quickchick-0.12.2-rc1.tgz",
                "@jscoq/simpleio": "file:../jscoq-addons/_build/jscoq+64bit/jscoq-simpleio-0.12.2-rc1.tgz",
                "@jscoq/snu-sflib": "file:../jscoq-addons/_build/jscoq+64bit/jscoq-snu-sflib-0.12.2-rc1.tgz",
                "@jscoq/software-foundations": "^0.12.1",
                "global-npm": "^0.4.1",
                "jscoq": "file:../jscoq/_build/dist/jscoq-0.12.2-rc1-npm.tar.gz",
                "requireg": "^0.2.2"
            },
            "devDependencies": {
                "commander": "^6.2.0"
            }
        },
        "node_modules/@jscoq/elpi": {
            "version": "0.12.2-rc1",
            "license": "AGPL-3.0-or-later"
        },
        "node_modules/@jscoq/equations": {
            "version": "0.12.2-rc1",
            "license": "AGPL-3.0-or-later"
        },
        "node_modules/@jscoq/extlib": {
            "version": "0.12.2-rc1",
            "license": "AGPL-3.0-or-later"
        },
        "node_modules/@jscoq/fcsl-pcm": {
            "version": "0.12.2-rc1",
            "license": "AGPL-3.0-or-later"
        },
        "node_modules/@jscoq/hahn": {
            "version": "0.12.2-rc1",
            "license": "AGPL-3.0-or-later"
        },
        "node_modules/@jscoq/htt": {
            "version": "0.12.2-rc1",
            "license": "AGPL-3.0-or-later"
        },
        "node_modules/@jscoq/mathcomp": {
            "version": "0.12.2-rc1",
            "license": "AGPL-3.0-or-later"
        },
        "node_modules/@jscoq/paco": {
            "version": "0.12.2-rc1",
            "license": "AGPL-3.0-or-later"
        },
        "node_modules/@jscoq/pnp": {
            "version": "0.12.2-rc1",
            "license": "AGPL-3.0-or-later"
        },
        "node_modules/@jscoq/promising": {
            "version": "0.12.2-rc1",
            "license": "AGPL-3.0-or-later"
        },
        "node_modules/@jscoq/quickchick": {
            "version": "0.12.2-rc1",
            "license": "AGPL-3.0-or-later"
        },
        "node_modules/@jscoq/simpleio": {
            "version": "0.12.2-rc1",
            "license": "AGPL-3.0-or-later"
        },
        "node_modules/@jscoq/snu-sflib": {
            "version": "0.12.2-rc1",
            "license": "AGPL-3.0-or-later"
        },
        "node_modules/@jscoq/software-foundations": {
            "version": "0.12.1",
            "license": "AGPL-3.0-or-later"
        },
        "node_modules/array-equal": {
            "version": "1.0.0",
            "resolved": "https://registry.npmjs.org/array-equal/-/array-equal-1.0.0.tgz",
            "integrity": "sha1-jCpe8kcv2ep0KwTHenUJO6J1fJM=",
            "license": "MIT"
        },
        "node_modules/balanced-match": {
            "version": "1.0.0",
            "resolved": "https://registry.npmjs.org/balanced-match/-/balanced-match-1.0.0.tgz",
            "integrity": "sha1-ibTRmasr7kneFk6gK4nORi1xt2c=",
            "license": "MIT"
        },
        "node_modules/bootstrap": {
            "version": "3.4.1",
            "resolved": "https://registry.npmjs.org/bootstrap/-/bootstrap-3.4.1.tgz",
            "integrity": "sha512-yN5oZVmRCwe5aKwzRj6736nSmKDX7pLYwsXiCj/EYmo16hODaBiT4En5btW/jhBF/seV+XMx3aYwukYC3A49DA==",
            "license": "MIT",
            "engines": {
                "node": ">=6"
            }
        },
        "node_modules/brace-expansion": {
            "version": "1.1.11",
            "resolved": "https://registry.npmjs.org/brace-expansion/-/brace-expansion-1.1.11.tgz",
            "integrity": "sha512-iCuPHDFgrHX7H2vEI/5xpz07zSHB00TpugqhmYtVmMO6518mCuRMoOYFldEBl0g187ufozdaHgWKcYFb61qGiA==",
            "license": "MIT",
            "dependencies": {
                "balanced-match": "^1.0.0",
                "concat-map": "0.0.1"
            }
        },
        "node_modules/codemirror": {
            "version": "5.58.2",
            "resolved": "https://registry.npmjs.org/codemirror/-/codemirror-5.58.2.tgz",
            "integrity": "sha512-K/hOh24cCwRutd1Mk3uLtjWzNISOkm4fvXiMO7LucCrqbh6aJDdtqUziim3MZUI6wOY0rvY1SlL1Ork01uMy6w==",
            "license": "MIT"
        },
        "node_modules/commander": {
            "version": "6.2.0",
            "resolved": "https://registry.npmjs.org/commander/-/commander-6.2.0.tgz",
            "integrity": "sha512-zP4jEKbe8SHzKJYQmq8Y9gYjtO/POJLgIdKgV7B9qNmABVFVc+ctqSX6iXh4mCpJfRBOabiZ2YKPg8ciDw6C+Q==",
            "dev": true,
            "license": "MIT",
            "engines": {
                "node": ">= 6"
            }
        },
        "node_modules/concat-map": {
            "version": "0.0.1",
            "resolved": "https://registry.npmjs.org/concat-map/-/concat-map-0.0.1.tgz",
            "integrity": "sha1-2Klr13/Wjfd5OnMDajug1UBdR3s=",
            "license": "MIT"
        },
        "node_modules/core-util-is": {
            "version": "1.0.2",
            "resolved": "https://registry.npmjs.org/core-util-is/-/core-util-is-1.0.2.tgz",
            "integrity": "sha1-tf1UIgqivFq1eqtxQMlAdUUDwac=",
            "license": "MIT"
        },
        "node_modules/deep-extend": {
            "version": "0.6.0",
            "license": "MIT",
            "engines": {
                "node": ">=4.0.0"
            }
        },
        "node_modules/find": {
            "version": "0.3.0",
            "resolved": "https://registry.npmjs.org/find/-/find-0.3.0.tgz",
            "integrity": "sha512-iSd+O4OEYV/I36Zl8MdYJO0xD82wH528SaCieTVHhclgiYNe9y+yPKSwK+A7/WsmHL1EZ+pYUJBXWTL5qofksw==",
            "license": "MIT",
            "dependencies": {
                "traverse-chain": "~0.1.0"
            }
        },
        "node_modules/fs.realpath": {
            "version": "1.0.0",
            "resolved": "https://registry.npmjs.org/fs.realpath/-/fs.realpath-1.0.0.tgz",
            "integrity": "sha1-FQStJSMVjKpA20onh8sBQRmU6k8=",
            "license": "ISC"
        },
        "node_modules/glob": {
            "version": "7.1.6",
            "resolved": "https://registry.npmjs.org/glob/-/glob-7.1.6.tgz",
            "integrity": "sha512-LwaxwyZ72Lk7vZINtNNrywX0ZuLyStrdDtabefZKAY5ZGJhVtgdznluResxNmPitE0SAO+O26sWTHeKSI2wMBA==",
            "license": "ISC",
            "dependencies": {
                "fs.realpath": "^1.0.0",
                "inflight": "^1.0.4",
                "inherits": "2",
                "minimatch": "^3.0.4",
                "once": "^1.3.0",
                "path-is-absolute": "^1.0.0"
            },
            "engines": {
                "node": "*"
            },
            "funding": {
                "url": "https://github.com/sponsors/isaacs"
            }
        },
        "node_modules/global-npm": {
            "version": "0.4.1",
            "license": "MIT",
            "dependencies": {
                "which": "latest"
            }
        },
        "node_modules/immediate": {
            "version": "3.0.6",
            "resolved": "https://registry.npmjs.org/immediate/-/immediate-3.0.6.tgz",
            "integrity": "sha1-nbHb0Pr43m++D13V5Wu2BigN5ps=",
            "license": "MIT"
        },
        "node_modules/inflight": {
            "version": "1.0.6",
            "resolved": "https://registry.npmjs.org/inflight/-/inflight-1.0.6.tgz",
            "integrity": "sha1-Sb1jMdfQLQwJvJEKEHW6gWW1bfk=",
            "license": "ISC",
            "dependencies": {
                "once": "^1.3.0",
                "wrappy": "1"
            }
        },
        "node_modules/inherits": {
            "version": "2.0.4",
            "resolved": "https://registry.npmjs.org/inherits/-/inherits-2.0.4.tgz",
            "integrity": "sha512-k/vGaX4/Yla3WzyMCvTQOXYeIHvqOKtnqBduzTHpzpQZzAskKMhZ2K+EnBiSM9zGSoIFeMpXKxa4dYeZIQqewQ==",
            "license": "ISC"
        },
        "node_modules/ini": {
            "version": "1.3.8",
            "license": "ISC"
        },
        "node_modules/isarray": {
            "version": "1.0.0",
            "resolved": "https://registry.npmjs.org/isarray/-/isarray-1.0.0.tgz",
            "integrity": "sha1-u5NdSFgsuhaMBoNJV6VKPgcSTxE=",
            "license": "MIT"
        },
        "node_modules/isexe": {
            "version": "2.0.0",
            "license": "ISC"
        },
        "node_modules/jquery": {
            "version": "3.5.1",
            "resolved": "https://registry.npmjs.org/jquery/-/jquery-3.5.1.tgz",
            "integrity": "sha512-XwIBPqcMn57FxfT+Go5pzySnm4KWkT1Tv7gjrpT1srtf8Weynl6R273VJ5GjkRb51IzMp5nbaPjJXMWeju2MKg==",
            "license": "MIT"
        },
        "node_modules/js-tokens": {
            "version": "4.0.0",
            "resolved": "https://registry.npmjs.org/js-tokens/-/js-tokens-4.0.0.tgz",
            "integrity": "sha512-RdJUflcE3cUzKiMqQgsCu06FPu9UdIJO0beYbPhHN4k6apgJtifcoCtT9bcxOpYBtpD2kCM6Sbzg4CausW/PKQ==",
            "license": "MIT"
        },
        "node_modules/jscoq": {
            "version": "0.12.2-rc1",
            "license": "AGPL-3.0-or-later",
            "dependencies": {
                "array-equal": "^1.0.0",
                "bootstrap": "^3.4.1",
                "codemirror": "^5.58.2",
                "commander": "^5.0.0",
                "find": "^0.3.0",
                "glob": "^7.1.3",
                "jquery": "^3.5.1",
                "jszip": "^3.5.0",
                "localforage": "^1.7.3",
                "minimatch": "^3.0.4",
                "mkdirp": "^1.0.4",
                "neatjson": "^0.8.3",
                "path": "^0.12.7",
                "vue": "^2.6.12",
                "vue-context": "^5.1.0"
            },
            "bin": {
                "jscoq": "cli.js"
            }
        },
        "node_modules/jscoq/node_modules/commander": {
            "version": "5.1.0",
            "license": "MIT",
            "engines": {
                "node": ">= 6"
            }
        },
        "node_modules/jszip": {
            "version": "3.5.0",
            "resolved": "https://registry.npmjs.org/jszip/-/jszip-3.5.0.tgz",
            "integrity": "sha512-WRtu7TPCmYePR1nazfrtuF216cIVon/3GWOvHS9QR5bIwSbnxtdpma6un3jyGGNhHsKCSzn5Ypk+EkDRvTGiFA==",
            "license": "(MIT OR GPL-3.0)",
            "dependencies": {
                "lie": "~3.3.0",
                "pako": "~1.0.2",
                "readable-stream": "~2.3.6",
                "set-immediate-shim": "~1.0.1"
            }
        },
        "node_modules/lie": {
            "version": "3.3.0",
            "resolved": "https://registry.npmjs.org/lie/-/lie-3.3.0.tgz",
            "integrity": "sha512-UaiMJzeWRlEujzAuw5LokY1L5ecNQYZKfmyZ9L7wDHb/p5etKaxXhohBcrw0EYby+G/NA52vRSN4N39dxHAIwQ==",
            "license": "MIT",
            "dependencies": {
                "immediate": "~3.0.5"
            }
        },
        "node_modules/localforage": {
            "version": "1.9.0",
            "resolved": "https://registry.npmjs.org/localforage/-/localforage-1.9.0.tgz",
            "integrity": "sha512-rR1oyNrKulpe+VM9cYmcFn6tsHuokyVHFaCM3+osEmxaHTbEk8oQu6eGDfS6DQLWi/N67XRmB8ECG37OES368g==",
            "license": "Apache-2.0",
            "dependencies": {
                "lie": "3.1.1"
            }
        },
        "node_modules/localforage/node_modules/lie": {
            "version": "3.1.1",
            "resolved": "https://registry.npmjs.org/lie/-/lie-3.1.1.tgz",
            "integrity": "sha1-mkNrLMd0bKWd56QfpGmz77dr2H4=",
            "license": "MIT",
            "dependencies": {
                "immediate": "~3.0.5"
            }
        },
        "node_modules/loose-envify": {
            "version": "1.4.0",
            "resolved": "https://registry.npmjs.org/loose-envify/-/loose-envify-1.4.0.tgz",
            "integrity": "sha512-lyuxPGr/Wfhrlem2CL/UcnUc1zcqKAImBDzukY7Y5F/yQiNdko6+fRLevlw1HgMySw7f611UIY408EtxRSoK3Q==",
            "license": "MIT",
            "dependencies": {
                "js-tokens": "^3.0.0 || ^4.0.0"
            },
            "bin": {
                "loose-envify": "cli.js"
            }
        },
        "node_modules/minimatch": {
            "version": "3.0.4",
            "resolved": "https://registry.npmjs.org/minimatch/-/minimatch-3.0.4.tgz",
            "integrity": "sha512-yJHVQEhyqPLUTgt9B83PXu6W3rx4MvvHvSUvToogpwoGDOUQ+yDrR0HRot+yOCdCO7u4hX3pWft6kWBBcqh0UA==",
            "license": "ISC",
            "dependencies": {
                "brace-expansion": "^1.1.7"
            },
            "engines": {
                "node": "*"
            }
        },
        "node_modules/minimist": {
            "version": "1.2.5",
            "license": "MIT"
        },
        "node_modules/mkdirp": {
            "version": "1.0.4",
            "resolved": "https://registry.npmjs.org/mkdirp/-/mkdirp-1.0.4.tgz",
            "integrity": "sha512-vVqVZQyf3WLx2Shd0qJ9xuvqgAyKPLAiqITEtqW0oIUjzo3PePDd6fW9iFz30ef7Ysp/oiWqbhszeGWW2T6Gzw==",
            "license": "MIT",
            "bin": {
                "mkdirp": "bin/cmd.js"
            },
            "engines": {
                "node": ">=10"
            }
        },
        "node_modules/neatjson": {
            "version": "0.8.3",
            "resolved": "https://registry.npmjs.org/neatjson/-/neatjson-0.8.3.tgz",
            "integrity": "sha1-fICtia/F2uuBgW1oS747ZxUwXio=",
            "license": "MIT"
        },
        "node_modules/nested-error-stacks": {
            "version": "2.0.1",
            "license": "MIT"
        },
        "node_modules/once": {
            "version": "1.4.0",
            "resolved": "https://registry.npmjs.org/once/-/once-1.4.0.tgz",
            "integrity": "sha1-WDsap3WWHUsROsF9nFC6753Xa9E=",
            "license": "ISC",
            "dependencies": {
                "wrappy": "1"
            }
        },
        "node_modules/pako": {
            "version": "1.0.11",
            "resolved": "https://registry.npmjs.org/pako/-/pako-1.0.11.tgz",
            "integrity": "sha512-4hLB8Py4zZce5s4yd9XzopqwVv/yGNhV1Bl8NTmCq1763HeK2+EwVTv+leGeL13Dnh2wfbqowVPXCIO0z4taYw==",
            "license": "(MIT AND Zlib)"
        },
        "node_modules/path": {
            "version": "0.12.7",
            "resolved": "https://registry.npmjs.org/path/-/path-0.12.7.tgz",
            "integrity": "sha1-1NwqUGxM4hl+tIHr/NWzbAFAsQ8=",
            "license": "MIT",
            "dependencies": {
                "process": "^0.11.1",
                "util": "^0.10.3"
            }
        },
        "node_modules/path-is-absolute": {
            "version": "1.0.1",
            "resolved": "https://registry.npmjs.org/path-is-absolute/-/path-is-absolute-1.0.1.tgz",
            "integrity": "sha1-F0uSaHNVNP+8es5r9TpanhtcX18=",
            "license": "MIT",
            "engines": {
                "node": ">=0.10.0"
            }
        },
        "node_modules/path-parse": {
            "version": "1.0.6",
            "license": "MIT"
        },
        "node_modules/process": {
            "version": "0.11.10",
            "resolved": "https://registry.npmjs.org/process/-/process-0.11.10.tgz",
            "integrity": "sha1-czIwDoQBYb2j5podHZGn1LwW8YI=",
            "license": "MIT",
            "engines": {
                "node": ">= 0.6.0"
            }
        },
        "node_modules/process-nextick-args": {
            "version": "2.0.1",
            "resolved": "https://registry.npmjs.org/process-nextick-args/-/process-nextick-args-2.0.1.tgz",
            "integrity": "sha512-3ouUOpQhtgrbOa17J7+uxOTpITYWaGP7/AhoR3+A+/1e9skrzelGi/dXzEYyvbxubEF6Wn2ypscTKiKJFFn1ag==",
            "license": "MIT"
        },
        "node_modules/rc": {
            "version": "1.2.8",
            "license": "(BSD-2-Clause OR MIT OR Apache-2.0)",
            "dependencies": {
                "deep-extend": "^0.6.0",
                "ini": "~1.3.0",
                "minimist": "^1.2.0",
                "strip-json-comments": "~2.0.1"
            },
            "bin": {
                "rc": "cli.js"
            }
        },
        "node_modules/readable-stream": {
            "version": "2.3.7",
            "resolved": "https://registry.npmjs.org/readable-stream/-/readable-stream-2.3.7.tgz",
            "integrity": "sha512-Ebho8K4jIbHAxnuxi7o42OrZgF/ZTNcsZj6nRKyUmkhLFq8CHItp/fy6hQZuZmP/n3yZ9VBUbp4zz/mX8hmYPw==",
            "license": "MIT",
            "dependencies": {
                "core-util-is": "~1.0.0",
                "inherits": "~2.0.3",
                "isarray": "~1.0.0",
                "process-nextick-args": "~2.0.0",
                "safe-buffer": "~5.1.1",
                "string_decoder": "~1.1.1",
                "util-deprecate": "~1.0.1"
            }
        },
        "node_modules/requireg": {
            "version": "0.2.2",
            "dependencies": {
                "nested-error-stacks": "~2.0.1",
                "rc": "~1.2.7",
                "resolve": "~1.7.1"
            },
            "engines": {
                "node": ">= 4.0.0"
            }
        },
        "node_modules/resolve": {
            "version": "1.7.1",
            "license": "MIT",
            "dependencies": {
                "path-parse": "^1.0.5"
            }
        },
        "node_modules/safe-buffer": {
            "version": "5.1.2",
            "resolved": "https://registry.npmjs.org/safe-buffer/-/safe-buffer-5.1.2.tgz",
            "integrity": "sha512-Gd2UZBJDkXlY7GbJxfsE8/nvKkUEU1G38c1siN6QP6a9PT9MmHB8GnpscSmMJSoF8LOIrt8ud/wPtojys4G6+g==",
            "license": "MIT"
        },
        "node_modules/set-immediate-shim": {
            "version": "1.0.1",
            "resolved": "https://registry.npmjs.org/set-immediate-shim/-/set-immediate-shim-1.0.1.tgz",
            "integrity": "sha1-SysbJ+uAip+NzEgaWOXlb1mfP2E=",
            "license": "MIT",
            "engines": {
                "node": ">=0.10.0"
            }
        },
        "node_modules/string_decoder": {
            "version": "1.1.1",
            "resolved": "https://registry.npmjs.org/string_decoder/-/string_decoder-1.1.1.tgz",
            "integrity": "sha512-n/ShnvDi6FHbbVfviro+WojiFzv+s8MPMHBczVePfUpDJLwoLT0ht1l4YwBCbi8pJAveEEdnkHyPyTP/mzRfwg==",
            "license": "MIT",
            "dependencies": {
                "safe-buffer": "~5.1.0"
            }
        },
        "node_modules/strip-json-comments": {
            "version": "2.0.1",
            "license": "MIT",
            "engines": {
                "node": ">=0.10.0"
            }
        },
        "node_modules/traverse-chain": {
            "version": "0.1.0",
            "resolved": "https://registry.npmjs.org/traverse-chain/-/traverse-chain-0.1.0.tgz",
            "integrity": "sha1-YdvC1Ttp/2CRoSoWj9fUMxB+QPE=",
            "license": "MIT"
        },
        "node_modules/util": {
            "version": "0.10.4",
            "resolved": "https://registry.npmjs.org/util/-/util-0.10.4.tgz",
            "integrity": "sha512-0Pm9hTQ3se5ll1XihRic3FDIku70C+iHUdT/W926rSgHV5QgXsYbKZN8MSC3tJtSkhuROzvsQjAaFENRXr+19A==",
            "license": "MIT",
            "dependencies": {
                "inherits": "2.0.3"
            }
        },
        "node_modules/util-deprecate": {
            "version": "1.0.2",
            "resolved": "https://registry.npmjs.org/util-deprecate/-/util-deprecate-1.0.2.tgz",
            "integrity": "sha1-RQ1Nyfpw3nMnYvvS1KKJgUGaDM8=",
            "license": "MIT"
        },
        "node_modules/util/node_modules/inherits": {
            "version": "2.0.3",
            "resolved": "https://registry.npmjs.org/inherits/-/inherits-2.0.3.tgz",
            "integrity": "sha1-Yzwsg+PaQqUC9SRmAiSA9CCCYd4=",
            "license": "ISC"
        },
        "node_modules/vue": {
            "version": "2.6.12",
            "resolved": "https://registry.npmjs.org/vue/-/vue-2.6.12.tgz",
            "integrity": "sha512-uhmLFETqPPNyuLLbsKz6ioJ4q7AZHzD8ZVFNATNyICSZouqP2Sz0rotWQC8UNBF6VGSCs5abnKJoStA6JbCbfg==",
            "license": "MIT"
        },
        "node_modules/vue-clickaway": {
            "version": "2.2.2",
            "resolved": "https://registry.npmjs.org/vue-clickaway/-/vue-clickaway-2.2.2.tgz",
            "integrity": "sha512-25SpjXKetL06GLYoLoC8pqAV6Cur9cQ//2g35GRFBV4FgoljbZZjTINR8g2NuVXXDMLSUXaKx5dutgO4PaDE7A==",
            "license": "MIT",
            "dependencies": {
                "loose-envify": "^1.2.0"
            },
            "peerDependencies": {
                "vue": "^2.0.0"
            }
        },
        "node_modules/vue-context": {
            "version": "5.2.0",
            "resolved": "https://registry.npmjs.org/vue-context/-/vue-context-5.2.0.tgz",
            "integrity": "sha512-XH3SwDanAcE7ppzVEkXqpMyzkFKUDp8TDh4vBE9UPbT6OHwLIwtANH6ZAakq8q2iV+hGtDDfwYgX12IbZjyNnw==",
            "license": "MIT",
            "dependencies": {
                "vue-clickaway": "^2.2.2"
            }
        },
        "node_modules/which": {
            "version": "2.0.2",
            "license": "ISC",
            "dependencies": {
                "isexe": "^2.0.0"
            },
            "bin": {
                "node-which": "bin/node-which"
            },
            "engines": {
                "node": ">= 8"
            }
        },
        "node_modules/wrappy": {
            "version": "1.0.2",
            "resolved": "https://registry.npmjs.org/wrappy/-/wrappy-1.0.2.tgz",
            "integrity": "sha1-tSQ9jz7BqjXxNkYFvA0QNuMKtp8=",
            "license": "ISC"
        }
    },
    "dependencies": {
        "@jscoq/elpi": {
            "version": "0.12.2-rc1"
        },
        "@jscoq/equations": {
            "version": "0.12.2-rc1"
        },
        "@jscoq/extlib": {
            "version": "0.12.2-rc1"
        },
        "@jscoq/fcsl-pcm": {
            "version": "0.12.2-rc1"
        },
        "@jscoq/hahn": {
            "version": "0.12.2-rc1"
        },
        "@jscoq/htt": {
            "version": "0.12.2-rc1"
        },
        "@jscoq/mathcomp": {
            "version": "0.12.2-rc1"
        },
        "@jscoq/paco": {
            "version": "0.12.2-rc1"
        },
        "@jscoq/pnp": {
            "version": "0.12.2-rc1"
        },
        "@jscoq/promising": {
            "version": "0.12.2-rc1"
        },
        "@jscoq/quickchick": {
            "version": "0.12.2-rc1"
        },
        "@jscoq/simpleio": {
            "version": "0.12.2-rc1"
        },
        "@jscoq/snu-sflib": {
            "version": "0.12.2-rc1"
        },
        "@jscoq/software-foundations": {
            "version": "0.12.1"
        },
        "array-equal": {
            "version": "1.0.0",
            "resolved": "https://registry.npmjs.org/array-equal/-/array-equal-1.0.0.tgz",
            "integrity": "sha1-jCpe8kcv2ep0KwTHenUJO6J1fJM="
        },
        "balanced-match": {
            "version": "1.0.0",
            "resolved": "https://registry.npmjs.org/balanced-match/-/balanced-match-1.0.0.tgz",
            "integrity": "sha1-ibTRmasr7kneFk6gK4nORi1xt2c="
        },
        "bootstrap": {
            "version": "3.4.1",
            "resolved": "https://registry.npmjs.org/bootstrap/-/bootstrap-3.4.1.tgz",
            "integrity": "sha512-yN5oZVmRCwe5aKwzRj6736nSmKDX7pLYwsXiCj/EYmo16hODaBiT4En5btW/jhBF/seV+XMx3aYwukYC3A49DA=="
        },
        "brace-expansion": {
            "version": "1.1.11",
            "resolved": "https://registry.npmjs.org/brace-expansion/-/brace-expansion-1.1.11.tgz",
            "integrity": "sha512-iCuPHDFgrHX7H2vEI/5xpz07zSHB00TpugqhmYtVmMO6518mCuRMoOYFldEBl0g187ufozdaHgWKcYFb61qGiA==",
            "requires": {
                "balanced-match": "^1.0.0",
                "concat-map": "0.0.1"
            }
        },
        "codemirror": {
            "version": "5.58.2",
            "resolved": "https://registry.npmjs.org/codemirror/-/codemirror-5.58.2.tgz",
            "integrity": "sha512-K/hOh24cCwRutd1Mk3uLtjWzNISOkm4fvXiMO7LucCrqbh6aJDdtqUziim3MZUI6wOY0rvY1SlL1Ork01uMy6w=="
        },
        "commander": {
            "version": "6.2.0",
            "resolved": "https://registry.npmjs.org/commander/-/commander-6.2.0.tgz",
            "integrity": "sha512-zP4jEKbe8SHzKJYQmq8Y9gYjtO/POJLgIdKgV7B9qNmABVFVc+ctqSX6iXh4mCpJfRBOabiZ2YKPg8ciDw6C+Q==",
            "dev": true
        },
        "concat-map": {
            "version": "0.0.1",
            "resolved": "https://registry.npmjs.org/concat-map/-/concat-map-0.0.1.tgz",
            "integrity": "sha1-2Klr13/Wjfd5OnMDajug1UBdR3s="
        },
        "core-util-is": {
            "version": "1.0.2",
            "resolved": "https://registry.npmjs.org/core-util-is/-/core-util-is-1.0.2.tgz",
            "integrity": "sha1-tf1UIgqivFq1eqtxQMlAdUUDwac="
        },
        "deep-extend": {
            "version": "0.6.0"
        },
        "find": {
            "version": "0.3.0",
            "resolved": "https://registry.npmjs.org/find/-/find-0.3.0.tgz",
            "integrity": "sha512-iSd+O4OEYV/I36Zl8MdYJO0xD82wH528SaCieTVHhclgiYNe9y+yPKSwK+A7/WsmHL1EZ+pYUJBXWTL5qofksw==",
            "requires": {
                "traverse-chain": "~0.1.0"
            }
        },
        "fs.realpath": {
            "version": "1.0.0",
            "resolved": "https://registry.npmjs.org/fs.realpath/-/fs.realpath-1.0.0.tgz",
            "integrity": "sha1-FQStJSMVjKpA20onh8sBQRmU6k8="
        },
        "glob": {
            "version": "7.1.6",
            "resolved": "https://registry.npmjs.org/glob/-/glob-7.1.6.tgz",
            "integrity": "sha512-LwaxwyZ72Lk7vZINtNNrywX0ZuLyStrdDtabefZKAY5ZGJhVtgdznluResxNmPitE0SAO+O26sWTHeKSI2wMBA==",
            "requires": {
                "fs.realpath": "^1.0.0",
                "inflight": "^1.0.4",
                "inherits": "2",
                "minimatch": "^3.0.4",
                "once": "^1.3.0",
                "path-is-absolute": "^1.0.0"
            }
        },
        "global-npm": {
            "version": "0.4.1",
            "requires": {
                "which": "latest"
            }
        },
        "immediate": {
            "version": "3.0.6",
            "resolved": "https://registry.npmjs.org/immediate/-/immediate-3.0.6.tgz",
            "integrity": "sha1-nbHb0Pr43m++D13V5Wu2BigN5ps="
        },
        "inflight": {
            "version": "1.0.6",
            "resolved": "https://registry.npmjs.org/inflight/-/inflight-1.0.6.tgz",
            "integrity": "sha1-Sb1jMdfQLQwJvJEKEHW6gWW1bfk=",
            "requires": {
                "once": "^1.3.0",
                "wrappy": "1"
            }
        },
        "inherits": {
            "version": "2.0.4",
            "resolved": "https://registry.npmjs.org/inherits/-/inherits-2.0.4.tgz",
            "integrity": "sha512-k/vGaX4/Yla3WzyMCvTQOXYeIHvqOKtnqBduzTHpzpQZzAskKMhZ2K+EnBiSM9zGSoIFeMpXKxa4dYeZIQqewQ=="
        },
        "ini": {
            "version": "1.3.8"
        },
        "isarray": {
            "version": "1.0.0",
            "resolved": "https://registry.npmjs.org/isarray/-/isarray-1.0.0.tgz",
            "integrity": "sha1-u5NdSFgsuhaMBoNJV6VKPgcSTxE="
        },
        "isexe": {
            "version": "2.0.0"
        },
        "jquery": {
            "version": "3.5.1",
            "resolved": "https://registry.npmjs.org/jquery/-/jquery-3.5.1.tgz",
            "integrity": "sha512-XwIBPqcMn57FxfT+Go5pzySnm4KWkT1Tv7gjrpT1srtf8Weynl6R273VJ5GjkRb51IzMp5nbaPjJXMWeju2MKg=="
        },
        "js-tokens": {
            "version": "4.0.0",
            "resolved": "https://registry.npmjs.org/js-tokens/-/js-tokens-4.0.0.tgz",
            "integrity": "sha512-RdJUflcE3cUzKiMqQgsCu06FPu9UdIJO0beYbPhHN4k6apgJtifcoCtT9bcxOpYBtpD2kCM6Sbzg4CausW/PKQ=="
        },
        "jscoq": {
            "version": "0.12.2-rc1",
            "requires": {
                "array-equal": "^1.0.0",
                "bootstrap": "^3.4.1",
                "codemirror": "^5.58.2",
                "commander": "^5.0.0",
                "find": "^0.3.0",
                "glob": "^7.1.3",
                "jquery": "^3.5.1",
                "jszip": "^3.5.0",
                "localforage": "^1.7.3",
                "minimatch": "^3.0.4",
                "mkdirp": "^1.0.4",
                "neatjson": "^0.8.3",
                "path": "^0.12.7",
                "vue": "^2.6.12",
                "vue-context": "^5.1.0"
            },
            "dependencies": {
                "commander": {
                    "version": "5.1.0"
                }
            }
        },
        "jszip": {
            "version": "3.5.0",
            "resolved": "https://registry.npmjs.org/jszip/-/jszip-3.5.0.tgz",
            "integrity": "sha512-WRtu7TPCmYePR1nazfrtuF216cIVon/3GWOvHS9QR5bIwSbnxtdpma6un3jyGGNhHsKCSzn5Ypk+EkDRvTGiFA==",
            "requires": {
                "lie": "~3.3.0",
                "pako": "~1.0.2",
                "readable-stream": "~2.3.6",
                "set-immediate-shim": "~1.0.1"
            }
        },
        "lie": {
            "version": "3.3.0",
            "resolved": "https://registry.npmjs.org/lie/-/lie-3.3.0.tgz",
            "integrity": "sha512-UaiMJzeWRlEujzAuw5LokY1L5ecNQYZKfmyZ9L7wDHb/p5etKaxXhohBcrw0EYby+G/NA52vRSN4N39dxHAIwQ==",
            "requires": {
                "immediate": "~3.0.5"
            }
        },
        "localforage": {
            "version": "1.9.0",
            "resolved": "https://registry.npmjs.org/localforage/-/localforage-1.9.0.tgz",
            "integrity": "sha512-rR1oyNrKulpe+VM9cYmcFn6tsHuokyVHFaCM3+osEmxaHTbEk8oQu6eGDfS6DQLWi/N67XRmB8ECG37OES368g==",
            "requires": {
                "lie": "3.1.1"
            },
            "dependencies": {
                "lie": {
                    "version": "3.1.1",
                    "resolved": "https://registry.npmjs.org/lie/-/lie-3.1.1.tgz",
                    "integrity": "sha1-mkNrLMd0bKWd56QfpGmz77dr2H4=",
                    "requires": {
                        "immediate": "~3.0.5"
                    }
                }
            }
        },
        "loose-envify": {
            "version": "1.4.0",
            "resolved": "https://registry.npmjs.org/loose-envify/-/loose-envify-1.4.0.tgz",
            "integrity": "sha512-lyuxPGr/Wfhrlem2CL/UcnUc1zcqKAImBDzukY7Y5F/yQiNdko6+fRLevlw1HgMySw7f611UIY408EtxRSoK3Q==",
            "requires": {
                "js-tokens": "^3.0.0 || ^4.0.0"
            }
        },
        "minimatch": {
            "version": "3.0.4",
            "resolved": "https://registry.npmjs.org/minimatch/-/minimatch-3.0.4.tgz",
            "integrity": "sha512-yJHVQEhyqPLUTgt9B83PXu6W3rx4MvvHvSUvToogpwoGDOUQ+yDrR0HRot+yOCdCO7u4hX3pWft6kWBBcqh0UA==",
            "requires": {
                "brace-expansion": "^1.1.7"
            }
        },
        "minimist": {
            "version": "1.2.5"
        },
        "mkdirp": {
            "version": "1.0.4",
            "resolved": "https://registry.npmjs.org/mkdirp/-/mkdirp-1.0.4.tgz",
            "integrity": "sha512-vVqVZQyf3WLx2Shd0qJ9xuvqgAyKPLAiqITEtqW0oIUjzo3PePDd6fW9iFz30ef7Ysp/oiWqbhszeGWW2T6Gzw=="
        },
        "neatjson": {
            "version": "0.8.3",
            "resolved": "https://registry.npmjs.org/neatjson/-/neatjson-0.8.3.tgz",
            "integrity": "sha1-fICtia/F2uuBgW1oS747ZxUwXio="
        },
        "nested-error-stacks": {
            "version": "2.0.1"
        },
        "once": {
            "version": "1.4.0",
            "resolved": "https://registry.npmjs.org/once/-/once-1.4.0.tgz",
            "integrity": "sha1-WDsap3WWHUsROsF9nFC6753Xa9E=",
            "requires": {
                "wrappy": "1"
            }
        },
        "pako": {
            "version": "1.0.11",
            "resolved": "https://registry.npmjs.org/pako/-/pako-1.0.11.tgz",
            "integrity": "sha512-4hLB8Py4zZce5s4yd9XzopqwVv/yGNhV1Bl8NTmCq1763HeK2+EwVTv+leGeL13Dnh2wfbqowVPXCIO0z4taYw=="
        },
        "path": {
            "version": "0.12.7",
            "resolved": "https://registry.npmjs.org/path/-/path-0.12.7.tgz",
            "integrity": "sha1-1NwqUGxM4hl+tIHr/NWzbAFAsQ8=",
            "requires": {
                "process": "^0.11.1",
                "util": "^0.10.3"
            }
        },
        "path-is-absolute": {
            "version": "1.0.1",
            "resolved": "https://registry.npmjs.org/path-is-absolute/-/path-is-absolute-1.0.1.tgz",
            "integrity": "sha1-F0uSaHNVNP+8es5r9TpanhtcX18="
        },
        "path-parse": {
            "version": "1.0.6"
        },
        "process": {
            "version": "0.11.10",
            "resolved": "https://registry.npmjs.org/process/-/process-0.11.10.tgz",
            "integrity": "sha1-czIwDoQBYb2j5podHZGn1LwW8YI="
        },
        "process-nextick-args": {
            "version": "2.0.1",
            "resolved": "https://registry.npmjs.org/process-nextick-args/-/process-nextick-args-2.0.1.tgz",
            "integrity": "sha512-3ouUOpQhtgrbOa17J7+uxOTpITYWaGP7/AhoR3+A+/1e9skrzelGi/dXzEYyvbxubEF6Wn2ypscTKiKJFFn1ag=="
        },
        "rc": {
            "version": "1.2.8",
            "requires": {
                "deep-extend": "^0.6.0",
                "ini": "~1.3.0",
                "minimist": "^1.2.0",
                "strip-json-comments": "~2.0.1"
            }
        },
        "readable-stream": {
            "version": "2.3.7",
            "resolved": "https://registry.npmjs.org/readable-stream/-/readable-stream-2.3.7.tgz",
            "integrity": "sha512-Ebho8K4jIbHAxnuxi7o42OrZgF/ZTNcsZj6nRKyUmkhLFq8CHItp/fy6hQZuZmP/n3yZ9VBUbp4zz/mX8hmYPw==",
            "requires": {
                "core-util-is": "~1.0.0",
                "inherits": "~2.0.3",
                "isarray": "~1.0.0",
                "process-nextick-args": "~2.0.0",
                "safe-buffer": "~5.1.1",
                "string_decoder": "~1.1.1",
                "util-deprecate": "~1.0.1"
            }
        },
        "requireg": {
            "version": "0.2.2",
            "requires": {
                "nested-error-stacks": "~2.0.1",
                "rc": "~1.2.7",
                "resolve": "~1.7.1"
            }
        },
        "resolve": {
            "version": "1.7.1",
            "requires": {
                "path-parse": "^1.0.5"
            }
        },
        "safe-buffer": {
            "version": "5.1.2",
            "resolved": "https://registry.npmjs.org/safe-buffer/-/safe-buffer-5.1.2.tgz",
            "integrity": "sha512-Gd2UZBJDkXlY7GbJxfsE8/nvKkUEU1G38c1siN6QP6a9PT9MmHB8GnpscSmMJSoF8LOIrt8ud/wPtojys4G6+g=="
        },
        "set-immediate-shim": {
            "version": "1.0.1",
            "resolved": "https://registry.npmjs.org/set-immediate-shim/-/set-immediate-shim-1.0.1.tgz",
            "integrity": "sha1-SysbJ+uAip+NzEgaWOXlb1mfP2E="
        },
        "string_decoder": {
            "version": "1.1.1",
            "resolved": "https://registry.npmjs.org/string_decoder/-/string_decoder-1.1.1.tgz",
            "integrity": "sha512-n/ShnvDi6FHbbVfviro+WojiFzv+s8MPMHBczVePfUpDJLwoLT0ht1l4YwBCbi8pJAveEEdnkHyPyTP/mzRfwg==",
            "requires": {
                "safe-buffer": "~5.1.0"
            }
        },
        "strip-json-comments": {
            "version": "2.0.1"
        },
        "traverse-chain": {
            "version": "0.1.0",
            "resolved": "https://registry.npmjs.org/traverse-chain/-/traverse-chain-0.1.0.tgz",
            "integrity": "sha1-YdvC1Ttp/2CRoSoWj9fUMxB+QPE="
        },
        "util": {
            "version": "0.10.4",
            "resolved": "https://registry.npmjs.org/util/-/util-0.10.4.tgz",
            "integrity": "sha512-0Pm9hTQ3se5ll1XihRic3FDIku70C+iHUdT/W926rSgHV5QgXsYbKZN8MSC3tJtSkhuROzvsQjAaFENRXr+19A==",
            "requires": {
                "inherits": "2.0.3"
            },
            "dependencies": {
                "inherits": {
                    "version": "2.0.3",
                    "resolved": "https://registry.npmjs.org/inherits/-/inherits-2.0.3.tgz",
                    "integrity": "sha1-Yzwsg+PaQqUC9SRmAiSA9CCCYd4="
                }
            }
        },
        "util-deprecate": {
            "version": "1.0.2",
            "resolved": "https://registry.npmjs.org/util-deprecate/-/util-deprecate-1.0.2.tgz",
            "integrity": "sha1-RQ1Nyfpw3nMnYvvS1KKJgUGaDM8="
        },
        "vue": {
            "version": "2.6.12",
            "resolved": "https://registry.npmjs.org/vue/-/vue-2.6.12.tgz",
            "integrity": "sha512-uhmLFETqPPNyuLLbsKz6ioJ4q7AZHzD8ZVFNATNyICSZouqP2Sz0rotWQC8UNBF6VGSCs5abnKJoStA6JbCbfg=="
        },
        "vue-clickaway": {
            "version": "2.2.2",
            "resolved": "https://registry.npmjs.org/vue-clickaway/-/vue-clickaway-2.2.2.tgz",
            "integrity": "sha512-25SpjXKetL06GLYoLoC8pqAV6Cur9cQ//2g35GRFBV4FgoljbZZjTINR8g2NuVXXDMLSUXaKx5dutgO4PaDE7A==",
            "requires": {
                "loose-envify": "^1.2.0"
            }
        },
        "vue-context": {
            "version": "5.2.0",
            "resolved": "https://registry.npmjs.org/vue-context/-/vue-context-5.2.0.tgz",
            "integrity": "sha512-XH3SwDanAcE7ppzVEkXqpMyzkFKUDp8TDh4vBE9UPbT6OHwLIwtANH6ZAakq8q2iV+hGtDDfwYgX12IbZjyNnw==",
            "requires": {
                "vue-clickaway": "^2.2.2"
            }
        },
        "which": {
            "version": "2.0.2",
            "requires": {
                "isexe": "^2.0.0"
            }
        },
        "wrappy": {
            "version": "1.0.2",
            "resolved": "https://registry.npmjs.org/wrappy/-/wrappy-1.0.2.tgz",
            "integrity": "sha1-tSQ9jz7BqjXxNkYFvA0QNuMKtp8="
        }
    }
}
